<Solution>
  <Configurations>
    <Platform Name="x64" />
    <Platform Name="ARM64" />
  </Configurations>
  <Project Path="ElliePdf.csproj">
    <Platform Solution="*|x64" Project="x64" />
    <Platform Solution="*|ARM64" Project="ARM64" />
    <Deploy Solution="*|x64" />
  </Project>
  <Project Path="ElliePdf.Core\ElliePdf.Core.csproj" />
  <Folder Name="/tests/" />
  <Project Path="Benchmark\Benchmark.csproj" />
  <Project Path="eng\ElliePdf.TraceExport\ElliePdf.TraceExport.csproj" />
  <Project Path="eng\SourceLinkVerifier\SourceLinkVerifier.csproj" />
  <Project Path="ElliePdf.Tests\ElliePdf.Tests.csproj" />
  <Project Path="src\ElliePdf.Domain\ElliePdf.Domain.csproj" />
  <Project Path="src\ElliePdf.Application\ElliePdf.Application.csproj" />
  <Project Path="src\ElliePdf.Infrastructure\ElliePdf.Infrastructure.csproj" />
  <Project Path="src\ElliePdf.Pdfium\ElliePdf.Pdfium.csproj" />
  <Project Path="src\ElliePdf.Pdfium.Worker\ElliePdf.Pdfium.Worker.csproj" />
  <Project Path="src\ElliePdf.Rendering\ElliePdf.Rendering.csproj" />
  <Project Path="src\ElliePdf.Printing\ElliePdf.Printing.csproj" />
  <Project Path="src\ElliePdf.Pdf.Contracts\ElliePdf.Pdf.Contracts.csproj" />
  <Project Path="src\ElliePdf.Pdf.Transport\ElliePdf.Pdf.Transport.csproj" />
  <Project Path="src\ElliePdf.Pdf.Client\ElliePdf.Pdf.Client.csproj" />
  <Project Path="src\ElliePdf.Diagnostics\ElliePdf.Diagnostics.csproj" />
  <Project Path="src\ElliePdf.Semantics\ElliePdf.Semantics.csproj" />
  <Project Path="tests\ElliePdf.Domain.Tests\ElliePdf.Domain.Tests.csproj" />
  <Project Path="tests\ElliePdf.Application.Tests\ElliePdf.Application.Tests.csproj" />
  <Project Path="tests\ElliePdf.AtomicSave.FaultHarness\ElliePdf.AtomicSave.FaultHarness.csproj" />
  <Project Path="tests\ElliePdf.Infrastructure.Tests\ElliePdf.Infrastructure.Tests.csproj" />
  <Project Path="tests\ElliePdf.Recovery.Tests\ElliePdf.Recovery.Tests.csproj" />
  <Project Path="tests\ElliePdf.Pdf.Contracts.Tests\ElliePdf.Pdf.Contracts.Tests.csproj" />
  <Project Path="tests\ElliePdf.Pdf.Transport.Tests\ElliePdf.Pdf.Transport.Tests.csproj" />
  <Project Path="tests\ElliePdf.Pdf.Client.Tests\ElliePdf.Pdf.Client.Tests.csproj" />
  <Project Path="tests\ElliePdf.Pdfium.IntegrationTests\ElliePdf.Pdfium.IntegrationTests.csproj" />
  <Project Path="tests\ElliePdf.Pdfium.Worker.Tests\ElliePdf.Pdfium.Worker.Tests.csproj" />
  <Project Path="tests\ElliePdf.Rendering.Tests\ElliePdf.Rendering.Tests.csproj" />
  <Project Path="tests\ElliePdf.Printing.Tests\ElliePdf.Printing.Tests.csproj" />
  <Project Path="tests\ElliePdf.Diagnostics.Tests\ElliePdf.Diagnostics.Tests.csproj" />
  <Project Path="tests\ElliePdf.Fuzz.Tests\ElliePdf.Fuzz.Tests.csproj" />
  <Project Path="tests\ElliePdf.Semantics.Tests\ElliePdf.Semantics.Tests.csproj" />
  <Project Path="tests\ElliePdf.UI.AutomationTests\ElliePdf.UI.AutomationTests.csproj" />
  <Project Path="tests\ElliePdf.PerformanceTests\ElliePdf.PerformanceTests.csproj" />
  <Project Path="tests\ElliePdf.PackagingTests\ElliePdf.PackagingTests.csproj" />
</Solution>
