{
  "version": 2,
  "dependencies": {
    "net11.0-windows10.0.26100": {
      "Microsoft.NET.ILLink.Tasks": {
        "type": "Direct",
        "requested": "[11.0.0-preview.7.26381.103, )",
        "resolved": "11.0.0-preview.7.26381.103",
        "contentHash": "UpCNpEWY31Zr5mKOmgbIRFZCltcoin2vh6t7ENl1i94zW5LJZVLnsIAdpBNWVqpe03k3REzMkjhkO4GhxZl2mA=="
      },
      "elliepdf.core": {
        "type": "Project"
      },
      "elliepdf.domain": {
        "type": "Project"
      },
      "elliepdf.pdf.contracts": {
        "type": "Project",
        "dependencies": {
          "ElliePdf.Domain": "[1.0.0, )"
        }
      },
      "elliepdf.pdf.transport": {
        "type": "Project",
        "dependencies": {
          "ElliePdf.Pdf.Contracts": "[1.0.0, )"
        }
      }
    },
    "net11.0-windows10.0.26100/win-arm64": {},
    "net11.0-windows10.0.26100/win-x64": {}
  }
}