{
  "version": 2,
  "dependencies": {
    "net11.0": {
      "Microsoft.DotNet.ILCompiler": {
        "type": "Direct",
        "requested": "[11.0.0-preview.7.26381.103, )",
        "resolved": "11.0.0-preview.7.26381.103",
        "contentHash": "JyFcIYUfeHbgRbD2Ds7Xp1Che4yZ+IJifdQ9VSYnKX6GbUAymlnCb55xoPkOCIFIrAl/U6FLtym4luY2y0mnFw=="
      },
      "Microsoft.NET.ILLink.Tasks": {
        "type": "Direct",
        "requested": "[11.0.0-preview.7.26381.103, )",
        "resolved": "11.0.0-preview.7.26381.103",
        "contentHash": "UpCNpEWY31Zr5mKOmgbIRFZCltcoin2vh6t7ENl1i94zW5LJZVLnsIAdpBNWVqpe03k3REzMkjhkO4GhxZl2mA=="
      }
    },
    "net11.0/win-arm64": {
      "Microsoft.DotNet.ILCompiler": {
        "type": "Direct",
        "requested": "[11.0.0-preview.7.26381.103, )",
        "resolved": "11.0.0-preview.7.26381.103",
        "contentHash": "JyFcIYUfeHbgRbD2Ds7Xp1Che4yZ+IJifdQ9VSYnKX6GbUAymlnCb55xoPkOCIFIrAl/U6FLtym4luY2y0mnFw==",
        "dependencies": {
          "runtime.win-arm64.Microsoft.DotNet.ILCompiler": "11.0.0-preview.7.26381.103"
        }
      },
      "runtime.win-arm64.Microsoft.DotNet.ILCompiler": {
        "type": "Transitive",
        "resolved": "11.0.0-preview.7.26381.103",
        "contentHash": "KoM/Q0IcKGmYrm86Sy9BENVprFzLkhoqXAcpNKmXWoI52MSpyKn3Yv73uFwrqRVxPmUH5/uZZeEPq5Sykj4JRQ=="
      }
    },
    "net11.0/win-x64": {
      "Microsoft.DotNet.ILCompiler": {
        "type": "Direct",
        "requested": "[11.0.0-preview.7.26381.103, )",
        "resolved": "11.0.0-preview.7.26381.103",
        "contentHash": "JyFcIYUfeHbgRbD2Ds7Xp1Che4yZ+IJifdQ9VSYnKX6GbUAymlnCb55xoPkOCIFIrAl/U6FLtym4luY2y0mnFw==",
        "dependencies": {
          "runtime.win-x64.Microsoft.DotNet.ILCompiler": "11.0.0-preview.7.26381.103"
        }
      },
      "runtime.win-x64.Microsoft.DotNet.ILCompiler": {
        "type": "Transitive",
        "resolved": "11.0.0-preview.7.26381.103",
        "contentHash": "duwdfiGoslGvBKpK7f1L9eR1SB+4ZtuTrO3I4psEdxrTR4t9mSEOkdYsdXIRSo0ojJeEWVzOgDwzFFT/3e52zw=="
      }
    }
  }
}